
Microsoft Visual Studio Solution File, Format Version 12.00
# Visual Studio Version 17
VisualStudioVersion = 17.7.34221.43
MinimumVisualStudioVersion = 10.0.40219.1
Project("{8BC9CEB8-8B4A-11D0-8D11-00A0C91BC942}") = "oop_container_cd", "oop_container_cd\oop_container_cd.vcxproj", "{B9603E1F-4822-49CB-AF18-F04153B6AB7B}"
EndProject
Global
	GlobalSection(SolutionConfigurationPlatforms) = preSolution
		Debug|x64 = Debug|x64
		Debug|x86 = Debug|x86
		Release|x64 = Release|x64
		Release|x86 = Release|x86
	EndGlobalSection
	GlobalSection(ProjectConfigurationPlatforms) = postSolution
		{B9603E1F-4822-49CB-AF18-F04153B6AB7B}.Debug|x64.ActiveCfg = Debug|x64
		{B9603E1F-4822-49CB-AF18-F04153B6AB7B}.Debug|x64.Build.0 = Debug|x64
		{B9603E1F-4822-49CB-AF18-F04153B6AB7B}.Debug|x86.ActiveCfg = Debug|Win32
		{B9603E1F-4822-49CB-AF18-F04153B6AB7B}.Debug|x86.Build.0 = Debug|Win32
		{B9603E1F-4822-49CB-AF18-F04153B6AB7B}.Release|x64.ActiveCfg = Release|x64
		{B9603E1F-4822-49CB-AF18-F04153B6AB7B}.Release|x64.Build.0 = Release|x64
		{B9603E1F-4822-49CB-AF18-F04153B6AB7B}.Release|x86.ActiveCfg = Release|Win32
		{B9603E1F-4822-49CB-AF18-F04153B6AB7B}.Release|x86.Build.0 = Release|Win32
	EndGlobalSection
	GlobalSection(SolutionProperties) = preSolution
		HideSolutionNode = FALSE
	EndGlobalSection
	GlobalSection(ExtensibilityGlobals) = postSolution
		SolutionGuid = {79C1F3C2-9133-4880-A388-ACE5B76AC979}
	EndGlobalSection
EndGlobal
